
Microsoft Visual Studio Solution File, Format Version 12.00
# Visual Studio Version 17
VisualStudioVersion = 17.7.34031.279
MinimumVisualStudioVersion = 10.0.40219.1
Project("{FAE04EC0-301F-11D3-BF4B-00C04F79EFBC}") = "ClinicManagementSystem.WebForms", "clinic-management-system\ClinicManagementSystem.WebForms.csproj", "{049DBE6B-A014-463A-96B0-37AFAA700116}"
EndProject
Project("{2150E333-8FDC-42A3-9474-1A3956D46DE8}") = "Elementos de la solución", "Elementos de la solución", "{DFCAF6B4-6D09-485D-89D5-50E81BC605C8}"
	ProjectSection(SolutionItems) = preProject
		.gitignore = .gitignore
	EndProjectSection
EndProject
Global
	GlobalSection(SolutionConfigurationPlatforms) = preSolution
		Debug|Any CPU = Debug|Any CPU
		Release|Any CPU = Release|Any CPU
	EndGlobalSection
	GlobalSection(ProjectConfigurationPlatforms) = postSolution
		{049DBE6B-A014-463A-96B0-37AFAA700116}.Debug|Any CPU.ActiveCfg = Debug|Any CPU
		{049DBE6B-A014-463A-96B0-37AFAA700116}.Debug|Any CPU.Build.0 = Debug|Any CPU
		{049DBE6B-A014-463A-96B0-37AFAA700116}.Release|Any CPU.ActiveCfg = Release|Any CPU
		{049DBE6B-A014-463A-96B0-37AFAA700116}.Release|Any CPU.Build.0 = Release|Any CPU
	EndGlobalSection
	GlobalSection(SolutionProperties) = preSolution
		HideSolutionNode = FALSE
	EndGlobalSection
	GlobalSection(ExtensibilityGlobals) = postSolution
		SolutionGuid = {A68DAE7B-7F3F-401A-A19D-3FF93BB6DA1C}
	EndGlobalSection
EndGlobal
